
Microsoft Visual Studio Solution File, Format Version 12.00
# Visual Studio Version 16
VisualStudioVersion = 16.0.30907.101
MinimumVisualStudioVersion = 10.0.40219.1
Project("{FAE04EC0-301F-11D3-BF4B-00C04F79EFBC}") = "FormasColor", "FormasColor\FormasColor.csproj", "{DA56E369-E488-49F1-8B64-8745A05856D2}"
EndProject
Project("{FAE04EC0-301F-11D3-BF4B-00C04F79EFBC}") = "VarianteSimons", "VarianteSimons\VarianteSimons.csproj", "{24BF7C09-76FC-4E65-BD11-E3D37571A9D6}"
EndProject
Global
	GlobalSection(SolutionConfigurationPlatforms) = preSolution
		Debug|Any CPU = Debug|Any CPU
		Release|Any CPU = Release|Any CPU
	EndGlobalSection
	GlobalSection(ProjectConfigurationPlatforms) = postSolution
		{DA56E369-E488-49F1-8B64-8745A05856D2}.Debug|Any CPU.ActiveCfg = Debug|Any CPU
		{DA56E369-E488-49F1-8B64-8745A05856D2}.Debug|Any CPU.Build.0 = Debug|Any CPU
		{DA56E369-E488-49F1-8B64-8745A05856D2}.Release|Any CPU.ActiveCfg = Release|Any CPU
		{DA56E369-E488-49F1-8B64-8745A05856D2}.Release|Any CPU.Build.0 = Release|Any CPU
		{24BF7C09-76FC-4E65-BD11-E3D37571A9D6}.Debug|Any CPU.ActiveCfg = Debug|Any CPU
		{24BF7C09-76FC-4E65-BD11-E3D37571A9D6}.Debug|Any CPU.Build.0 = Debug|Any CPU
		{24BF7C09-76FC-4E65-BD11-E3D37571A9D6}.Release|Any CPU.ActiveCfg = Release|Any CPU
		{24BF7C09-76FC-4E65-BD11-E3D37571A9D6}.Release|Any CPU.Build.0 = Release|Any CPU
	EndGlobalSection
	GlobalSection(SolutionProperties) = preSolution
		HideSolutionNode = FALSE
	EndGlobalSection
	GlobalSection(ExtensibilityGlobals) = postSolution
		SolutionGuid = {C296B856-4E5D-49DD-8B92-A119A919D78C}
	EndGlobalSection
EndGlobal
